
Microsoft Visual Studio Solution File, Format Version 12.00
# Visual Studio Version 17
VisualStudioVersion = 17.6.33723.286
MinimumVisualStudioVersion = 10.0.40219.1
Project("{FAE04EC0-301F-11D3-BF4B-00C04F79EFBC}") = "HotelListing", "HotelListing\HotelListing.csproj", "{ACB1C626-FC33-47C2-803C-5FF20FA8AAD9}"
EndProject
Global
	GlobalSection(SolutionConfigurationPlatforms) = preSolution
		Debug|Any CPU = Debug|Any CPU
		Release|Any CPU = Release|Any CPU
	EndGlobalSection
	GlobalSection(ProjectConfigurationPlatforms) = postSolution
		{ACB1C626-FC33-47C2-803C-5FF20FA8AAD9}.Debug|Any CPU.ActiveCfg = Debug|Any CPU
		{ACB1C626-FC33-47C2-803C-5FF20FA8AAD9}.Debug|Any CPU.Build.0 = Debug|Any CPU
		{ACB1C626-FC33-47C2-803C-5FF20FA8AAD9}.Release|Any CPU.ActiveCfg = Release|Any CPU
		{ACB1C626-FC33-47C2-803C-5FF20FA8AAD9}.Release|Any CPU.Build.0 = Release|Any CPU
	EndGlobalSection
	GlobalSection(SolutionProperties) = preSolution
		HideSolutionNode = FALSE
	EndGlobalSection
	GlobalSection(ExtensibilityGlobals) = postSolution
		SolutionGuid = {B4753ACD-F7D6-48F1-9DF9-B37EDDFA947C}
	EndGlobalSection
EndGlobal
